// !$*UTF8*$!
{
	archiveVersion = 1;
	classes = {
	};
	objectVersion = 77;
	objects = {

/* Begin PBXContainerItemProxy section */
		FAB2C55B2F66E92D0006C29F /* PBXContainerItemProxy */ = {
			isa = PBXContainerItemProxy;
			containerPortal = FAB2C5422F66E9280006C29F /* Project object */;
			proxyType = 1;
			remoteGlobalIDString = FAB2C5492F66E9280006C29F;
			remoteInfo = Game512_TDD;
		};
		FAB2C5652F66E92D0006C29F /* PBXContainerItemProxy */ = {
			isa = PBXContainerItemProxy;
			containerPortal = FAB2C5422F66E9280006C29F /* Project object */;
			proxyType = 1;
			remoteGlobalIDString = FAB2C5492F66E9280006C29F;
			remoteInfo = Game512_TDD;
		};
/* End PBXContainerItemProxy section */

/* Begin PBXFileReference section */
		FAB2C54A2F66E9280006C29F /* Game512_TDD.app */ = {isa = PBXFileReference; explicitFileType = wrapper.application; includeInIndex = 0; path = Game512_TDD.app; sourceTree = BUILT_PRODUCTS_DIR; };
		FAB2C55A2F66E92D0006C29F /* Game512_TDDTests.xctest */ = {isa = PBXFileReference; explicitFileType = wrapper.cfbundle; includeInIndex = 0; path = Game512_TDDTests.xctest; sourceTree = BUILT_PRODUCTS_DIR; };
		FAB2C5642F66E92D0006C29F /* Game512_TDDUITests.xctest */ = {isa = PBXFileReference; explicitFileType = wrapper.cfbundle; includeInIndex = 0; path = Game512_TDDUITests.xctest; sourceTree = BUILT_PRODUCTS_DIR; };
/* End PBXFileReference section */

/* Begin PBXFileSystemSynchronizedRootGroup section */
		FAB2C54C2F66E9280006C29F /* Game512_TDD */ = {
			isa = PBXFileSystemSynchronizedRootGroup;
			path = Game512_TDD;
			sourceTree = "<group>";
		};
		FAB2C55D2F66E92D0006C29F /* Game512_TDDTests */ = {
			isa = PBXFileSystemSynchronizedRootGroup;
			path = Game512_TDDTests;
			sourceTree = "<group>";
		};
		FAB2C5672F66E92D0006C29F /* Game512_TDDUITests */ = {
			isa = PBXFileSystemSynchronizedRootGroup;
			path = Game512_TDDUITests;
			sourceTree = "<group>";
		};
/* End PBXFileSystemSynchronizedRootGroup section */

/* Begin PBXFrameworksBuildPhase section */
		FAB2C5472F66E9280006C29F /* Frameworks */ = {
			isa = PBXFrameworksBuildPhase;
			buildActionMask = 2147483647;
			files = (
			);
			runOnlyForDeploymentPostprocessing = 0;
		};
		FAB2C5572F66E92D0006C29F /* Frameworks */ = {
			isa = PBXFrameworksBuildPhase;
			buildActionMask = 2147483647;
			files = (
			);
			runOnlyForDeploymentPostprocessing = 0;
		};
		FAB2C5612F66E92D0006C29F /* Frameworks */ = {
			isa = PBXFrameworksBuildPhase;
			buildActionMask = 2147483647;
			files = (
			);
			runOnlyForDeploymentPostprocessing = 0;
		};
/* End PBXFrameworksBuildPhase section */

/* Begin PBXGroup section */
		FAB2C5412F66E9280006C29F = {
			isa = PBXGroup;
			children = (
				FAB2C54C2F66E9280006C29F /* Game512_TDD */,
				FAB2C55D2F66E92D0006C29F /* Game512_TDDTests */,
				FAB2C5672F66E92D0006C29F /* Game512_TDDUITests */,
				FAB2C54B2F66E9280006C29F /* Products */,
			);
			sourceTree = "<group>";
		};
		FAB2C54B2F66E9280006C29F /* Products */ = {
			isa = PBXGroup;
			children = (
				FAB2C54A2F66E9280006C29F /* Game512_TDD.app */,
				FAB2C55A2F66E92D0006C29F /* Game512_TDDTests.xctest */,
				FAB2C5642F66E92D0006C29F /* Game512_TDDUITests.xctest */,
			);
			name = Products;
			sourceTree = "<group>";
		};
/* End PBXGroup section */

/* Begin PBXNativeTarget section */
		FAB2C5492F66E9280006C29F /* Game512_TDD */ = {
			isa = PBXNativeTarget;
			buildConfigurationList = FAB2C56E2F66E92D0006C29F /* Build configuration list for PBXNativeTarget "Game512_TDD" */;
			buildPhases = (
				FAB2C5462F66E9280006C29F /* Sources */,
				FAB2C5472F66E9280006C29F /* Frameworks */,
				FAB2C5482F66E9280006C29F /* Resources */,
			);
			buildRules = (
			);
			dependencies = (
			);
			fileSystemSynchronizedGroups = (
				FAB2C54C2F66E9280006C29F /* Game512_TDD */,
			);
			name = Game512_TDD;
			packageProductDependencies = (
			);
			productName = Game512_TDD;
			productReference = FAB2C54A2F66E9280006C29F /* Game512_TDD.app */;
			productType = "com.apple.product-type.application";
		};
		FAB2C5592F66E92D0006C29F /* Game512_TDDTests */ = {
			isa = PBXNativeTarget;
			buildConfigurationList = FAB2C5712F66E92D0006C29F /* Build configuration list for PBXNativeTarget "Game512_TDDTests" */;
			buildPhases = (
				FAB2C5562F66E92D0006C29F /* Sources */,
				FAB2C5572F66E92D0006C29F /* Frameworks */,
				FAB2C5582F66E92D0006C29F /* Resources */,
			);
			buildRules = (
			);
			dependencies = (
				FAB2C55C2F66E92D0006C29F /* PBXTargetDependency */,
			);
			fileSystemSynchronizedGroups = (
				FAB2C55D2F66E92D0006C29F /* Game512_TDDTests */,
			);
			name = Game512_TDDTests;
			packageProductDependencies = (
			);
			productName = Game512_TDDTests;
			productReference = FAB2C55A2F66E92D0006C29F /* Game512_TDDTests.xctest */;
			productType = "com.apple.product-type.bundle.unit-test";
		};
		FAB2C5632F66E92D0006C29F /* Game512_TDDUITests */ = {
			isa = PBXNativeTarget;
			buildConfigurationList = FAB2C5742F66E92D0006C29F /* Build configuration list for PBXNativeTarget "Game512_TDDUITests" */;
			buildPhases = (
				FAB2C5602F66E92D0006C29F /* Sources */,
				FAB2C5612F66E92D0006C29F /* Frameworks */,
				FAB2C5622F66E92D0006C29F /* Resources */,
			);
			buildRules = (
			);
			dependencies = (
				FAB2C5662F66E92D0006C29F /* PBXTargetDependency */,
			);
			fileSystemSynchronizedGroups = (
				FAB2C5672F66E92D0006C29F /* Game512_TDDUITests */,
			);
			name = Game512_TDDUITests;
			packageProductDependencies = (
			);
			productName = Game512_TDDUITests;
			productReference = FAB2C5642F66E92D0006C29F /* Game512_TDDUITests.xctest */;
			productType = "com.apple.product-type.bundle.ui-testing";
		};
/* End PBXNativeTarget section */

/* Begin PBXProject section */
		FAB2C5422F66E9280006C29F /* Project object */ = {
			isa = PBXProject;
			attributes = {
				BuildIndependentTargetsInParallel = 1;
				LastSwiftUpdateCheck = 1620;
				LastUpgradeCheck = 1620;
				TargetAttributes = {
					FAB2C5492F66E9280006C29F = {
						CreatedOnToolsVersion = 16.2;
					};
					FAB2C5592F66E92D0006C29F = {
						CreatedOnToolsVersion = 16.2;
						TestTargetID = FAB2C5492F66E9280006C29F;
					};
					FAB2C5632F66E92D0006C29F = {
						CreatedOnToolsVersion = 16.2;
						TestTargetID = FAB2C5492F66E9280006C29F;
					};
				};
			};
			buildConfigurationList = FAB2C5452F66E9280006C29F /* Build configuration list for PBXProject "Game512_TDD" */;
			developmentRegion = en;
			hasScannedForEncodings = 0;
			knownRegions = (
				en,
				Base,
			);
			mainGroup = FAB2C5412F66E9280006C29F;
			minimizedProjectReferenceProxies = 1;
			preferredProjectObjectVersion = 77;
			productRefGroup = FAB2C54B2F66E9280006C29F /* Products */;
			projectDirPath = "";
			projectRoot = "";
			targets = (
				FAB2C5492F66E9280006C29F /* Game512_TDD */,
				FAB2C5592F66E92D0006C29F /* Game512_TDDTests */,
				FAB2C5632F66E92D0006C29F /* Game512_TDDUITests */,
			);
		};
/* End PBXProject section */

/* Begin PBXResourcesBuildPhase section */
		FAB2C5482F66E9280006C29F /* Resources */ = {
			isa = PBXResourcesBuildPhase;
			buildActionMask = 2147483647;
			files = (
			);
			runOnlyForDeploymentPostprocessing = 0;
		};
		FAB2C5582F66E92D0006C29F /* Resources */ = {
			isa = PBXResourcesBuildPhase;
			buildActionMask = 2147483647;
			files = (
			);
			runOnlyForDeploymentPostprocessing = 0;
		};
		FAB2C5622F66E92D0006C29F /* Resources */ = {
			isa = PBXResourcesBuildPhase;
			buildActionMask = 2147483647;
			files = (
			);
			runOnlyForDeploymentPostprocessing = 0;
		};
/* End PBXResourcesBuildPhase section */

/* Begin PBXSourcesBuildPhase section */
		FAB2C5462F66E9280006C29F /* Sources */ = {
			isa = PBXSourcesBuildPhase;
			buildActionMask = 2147483647;
			files = (
			);
			runOnlyForDeploymentPostprocessing = 0;
		};
		FAB2C5562F66E92D0006C29F /* Sources */ = {
			isa = PBXSourcesBuildPhase;
			buildActionMask = 2147483647;
			files = (
			);
			runOnlyForDeploymentPostprocessing = 0;
		};
		FAB2C5602F66E92D0006C29F /* Sources */ = {
			isa = PBXSourcesBuildPhase;
			buildActionMask = 2147483647;
			files = (
			);
			runOnlyForDeploymentPostprocessing = 0;
		};
/* End PBXSourcesBuildPhase section */

/* Begin PBXTargetDependency section */
		FAB2C55C2F66E92D0006C29F /* PBXTargetDependency */ = {
			isa = PBXTargetDependency;
			target = FAB2C5492F66E9280006C29F /* Game512_TDD */;
			targetProxy = FAB2C55B2F66E92D0006C29F /* PBXContainerItemProxy */;
		};
		FAB2C5662F66E92D0006C29F /* PBXTargetDependency */ = {
			isa = PBXTargetDependency;
			target = FAB2C5492F66E9280006C29F /* Game512_TDD */;
			targetProxy = FAB2C5652F66E92D0006C29F /* PBXContainerItemProxy */;
		};
/* End PBXTargetDependency section */

/* Begin XCBuildConfiguration section */
		FAB2C56C2F66E92D0006C29F /* Debug */ = {
			isa = XCBuildConfiguration;
			buildSettings = {
				ALWAYS_SEARCH_USER_PATHS = NO;
				ASSETCATALOG_COMPILER_GENERATE_SWIFT_ASSET_SYMBOL_EXTENSIONS = YES;
				CLANG_ANALYZER_NONNULL = YES;
				CLANG_ANALYZER_NUMBER_OBJECT_CONVERSION = YES_AGGRESSIVE;
				CLANG_CXX_LANGUAGE_STANDARD = "gnu++20";
				CLANG_ENABLE_MODULES = YES;
				CLANG_ENABLE_OBJC_ARC = YES;
				CLANG_ENABLE_OBJC_WEAK = YES;
				CLANG_WARN_BLOCK_CAPTURE_AUTORELEASING = YES;
				CLANG_WARN_BOOL_CONVERSION = YES;
				CLANG_WARN_COMMA = YES;
				CLANG_WARN_CONSTANT_CONVERSION = YES;
				CLANG_WARN_DEPRECATED_OBJC_IMPLEMENTATIONS = YES;
				CLANG_WARN_DIRECT_OBJC_ISA_USAGE = YES_ERROR;
				CLANG_WARN_DOCUMENTATION_COMMENTS = YES;
				CLANG_WARN_EMPTY_BODY = YES;
				CLANG_WARN_ENUM_CONVERSION = YES;
				CLANG_WARN_INFINITE_RECURSION = YES;
				CLANG_WARN_INT_CONVERSION = YES;
				CLANG_WARN_NON_LITERAL_NULL_CONVERSION = YES;
				CLANG_WARN_OBJC_IMPLICIT_RETAIN_SELF = YES;
				CLANG_WARN_OBJC_LITERAL_CONVERSION = YES;
				CLANG_WARN_OBJC_ROOT_CLASS = YES_ERROR;
				CLANG_WARN_QUOTED_INCLUDE_IN_FRAMEWORK_HEADER = YES;
				CLANG_WARN_RANGE_LOOP_ANALYSIS = YES;
				CLANG_WARN_STRICT_PROTOTYPES = YES;
				CLANG_WARN_SUSPICIOUS_MOVE = YES;
				CLANG_WARN_UNGUARDED_AVAILABILITY = YES_AGGRESSIVE;
				CLANG_WARN_UNREACHABLE_CODE = YES;
				CLANG_WARN__DUPLICATE_METHOD_MATCH = YES;
				COPY_PHASE_STRIP = NO;
				DEBUG_INFORMATION_FORMAT = dwarf;
				ENABLE_STRICT_OBJC_MSGSEND = YES;
				ENABLE_TESTABILITY = YES;
				ENABLE_USER_SCRIPT_SANDBOXING = YES;
				GCC_C_LANGUAGE_STANDARD = gnu17;
				GCC_DYNAMIC_NO_PIC = NO;
				GCC_NO_COMMON_BLOCKS = YES;
				GCC_OPTIMIZATION_LEVEL = 0;
				GCC_PREPROCESSOR_DEFINITIONS = (
					"DEBUG=1",
					"$(inherited)",
				);
				GCC_WARN_64_TO_32_BIT_CONVERSION = YES;
				GCC_WARN_ABOUT_RETURN_TYPE = YES_ERROR;
				GCC_WARN_UNDECLARED_SELECTOR = YES;
				GCC_WARN_UNINITIALIZED_AUTOS = YES_AGGRESSIVE;
				GCC_WARN_UNUSED_FUNCTION = YES;
				GCC_WARN_UNUSED_VARIABLE = YES;
				IPHONEOS_DEPLOYMENT_TARGET = 18.2;
				LOCALIZATION_PREFERS_STRING_CATALOGS = YES;
				MTL_ENABLE_DEBUG_INFO = INCLUDE_SOURCE;
				MTL_FAST_MATH = YES;
				ONLY_ACTIVE_ARCH = YES;
				SDKROOT = iphoneos;
				SWIFT_ACTIVE_COMPILATION_CONDITIONS = "DEBUG $(inherited)";
				SWIFT_OPTIMIZATION_LEVEL = "-Onone";
			};
			name = Debug;
		};
		FAB2C56D2F66E92D0006C29F /* Release */ = {
			isa = XCBuildConfiguration;
			buildSettings = {
				ALWAYS_SEARCH_USER_PATHS = NO;
				ASSETCATALOG_COMPILER_GENERATE_SWIFT_ASSET_SYMBOL_EXTENSIONS = YES;
				CLANG_ANALYZER_NONNULL = YES;
				CLANG_ANALYZER_NUMBER_OBJECT_CONVERSION = YES_AGGRESSIVE;
				CLANG_CXX_LANGUAGE_STANDARD = "gnu++20";
				CLANG_ENABLE_MODULES = YES;
				CLANG_ENABLE_OBJC_ARC = YES;
				CLANG_ENABLE_OBJC_WEAK = YES;
				CLANG_WARN_BLOCK_CAPTURE_AUTORELEASING = YES;
				CLANG_WARN_BOOL_CONVERSION = YES;
				CLANG_WARN_COMMA = YES;
				CLANG_WARN_CONSTANT_CONVERSION = YES;
				CLANG_WARN_DEPRECATED_OBJC_IMPLEMENTATIONS = YES;
				CLANG_WARN_DIRECT_OBJC_ISA_USAGE = YES_ERROR;
				CLANG_WARN_DOCUMENTATION_COMMENTS = YES;
				CLANG_WARN_EMPTY_BODY = YES;
				CLANG_WARN_ENUM_CONVERSION = YES;
				CLANG_WARN_INFINITE_RECURSION = YES;
				CLANG_WARN_INT_CONVERSION = YES;
				CLANG_WARN_NON_LITERAL_NULL_CONVERSION = YES;
				CLANG_WARN_OBJC_IMPLICIT_RETAIN_SELF = YES;
				CLANG_WARN_OBJC_LITERAL_CONVERSION = YES;
				CLANG_WARN_OBJC_ROOT_CLASS = YES_ERROR;
				CLANG_WARN_QUOTED_INCLUDE_IN_FRAMEWORK_HEADER = YES;
				CLANG_WARN_RANGE_LOOP_ANALYSIS = YES;
				CLANG_WARN_STRICT_PROTOTYPES = YES;
				CLANG_WARN_SUSPICIOUS_MOVE = YES;
				CLANG_WARN_UNGUARDED_AVAILABILITY = YES_AGGRESSIVE;
				CLANG_WARN_UNREACHABLE_CODE = YES;
				CLANG_WARN__DUPLICATE_METHOD_MATCH = YES;
				COPY_PHASE_STRIP = NO;
				DEBUG_INFORMATION_FORMAT = "dwarf-with-dsym";
				ENABLE_NS_ASSERTIONS = NO;
				ENABLE_STRICT_OBJC_MSGSEND = YES;
				ENABLE_USER_SCRIPT_SANDBOXING = YES;
				GCC_C_LANGUAGE_STANDARD = gnu17;
				GCC_NO_COMMON_BLOCKS = YES;
				GCC_WARN_64_TO_32_BIT_CONVERSION = YES;
				GCC_WARN_ABOUT_RETURN_TYPE = YES_ERROR;
				GCC_WARN_UNDECLARED_SELECTOR = YES;
				GCC_WARN_UNINITIALIZED_AUTOS = YES_AGGRESSIVE;
				GCC_WARN_UNUSED_FUNCTION = YES;
				GCC_WARN_UNUSED_VARIABLE = YES;
				IPHONEOS_DEPLOYMENT_TARGET = 18.2;
				LOCALIZATION_PREFERS_STRING_CATALOGS = YES;
				MTL_ENABLE_DEBUG_INFO = NO;
				MTL_FAST_MATH = YES;
				SDKROOT = iphoneos;
				SWIFT_COMPILATION_MODE = wholemodule;
				VALIDATE_PRODUCT = YES;
			};
			name = Release;
		};
		FAB2C56F2F66E92D0006C29F /* Debug */ = {
			isa = XCBuildConfiguration;
			buildSettings = {
				ASSETCATALOG_COMPILER_APPICON_NAME = AppIcon;
				ASSETCATALOG_COMPILER_GLOBAL_ACCENT_COLOR_NAME = AccentColor;
				CODE_SIGN_STYLE = Automatic;
				CURRENT_PROJECT_VERSION = 1;
				DEVELOPMENT_ASSET_PATHS = "\"Game512_TDD/Preview Content\"";
				DEVELOPMENT_TEAM = 9M7GDFV5TN;
				ENABLE_PREVIEWS = YES;
				GENERATE_INFOPLIST_FILE = YES;
				INFOPLIST_KEY_UIApplicationSceneManifest_Generation = YES;
				INFOPLIST_KEY_UIApplicationSupportsIndirectInputEvents = YES;
				INFOPLIST_KEY_UILaunchScreen_Generation = YES;
				INFOPLIST_KEY_UISupportedInterfaceOrientations_iPad = "UIInterfaceOrientationPortrait UIInterfaceOrientationPortraitUpsideDown UIInterfaceOrientationLandscapeLeft UIInterfaceOrientationLandscapeRight";
				INFOPLIST_KEY_UISupportedInterfaceOrientations_iPhone = "UIInterfaceOrientationPortrait UIInterfaceOrientationLandscapeLeft UIInterfaceOrientationLandscapeRight";
				LD_RUNPATH_SEARCH_PATHS = (
					"$(inherited)",
					"@executable_path/Frameworks",
				);
				MARKETING_VERSION = 1.0;
				PRODUCT_BUNDLE_IDENTIFIER = "com.artem.Game512-TDD";
				PRODUCT_NAME = "$(TARGET_NAME)";
				SWIFT_EMIT_LOC_STRINGS = YES;
				SWIFT_VERSION = 5.0;
				TARGETED_DEVICE_FAMILY = "1,2";
			};
			name = Debug;
		};
		FAB2C5702F66E92D0006C29F /* Release */ = {
			isa = XCBuildConfiguration;
			buildSettings = {
				ASSETCATALOG_COMPILER_APPICON_NAME = AppIcon;
				ASSETCATALOG_COMPILER_GLOBAL_ACCENT_COLOR_NAME = AccentColor;
				CODE_SIGN_STYLE = Automatic;
				CURRENT_PROJECT_VERSION = 1;
				DEVELOPMENT_ASSET_PATHS = "\"Game512_TDD/Preview Content\"";
				DEVELOPMENT_TEAM = 9M7GDFV5TN;
				ENABLE_PREVIEWS = YES;
				GENERATE_INFOPLIST_FILE = YES;
				INFOPLIST_KEY_UIApplicationSceneManifest_Generation = YES;
				INFOPLIST_KEY_UIApplicationSupportsIndirectInputEvents = YES;
				INFOPLIST_KEY_UILaunchScreen_Generation = YES;
				INFOPLIST_KEY_UISupportedInterfaceOrientations_iPad = "UIInterfaceOrientationPortrait UIInterfaceOrientationPortraitUpsideDown UIInterfaceOrientationLandscapeLeft UIInterfaceOrientationLandscapeRight";
				INFOPLIST_KEY_UISupportedInterfaceOrientations_iPhone = "UIInterfaceOrientationPortrait UIInterfaceOrientationLandscapeLeft UIInterfaceOrientationLandscapeRight";
				LD_RUNPATH_SEARCH_PATHS = (
					"$(inherited)",
					"@executable_path/Frameworks",
				);
				MARKETING_VERSION = 1.0;
				PRODUCT_BUNDLE_IDENTIFIER = "com.artem.Game512-TDD";
				PRODUCT_NAME = "$(TARGET_NAME)";
				SWIFT_EMIT_LOC_STRINGS = YES;
				SWIFT_VERSION = 5.0;
				TARGETED_DEVICE_FAMILY = "1,2";
			};
			name = Release;
		};
		FAB2C5722F66E92D0006C29F /* Debug */ = {
			isa = XCBuildConfiguration;
			buildSettings = {
				BUNDLE_LOADER = "$(TEST_HOST)";
				CODE_SIGN_STYLE = Automatic;
				CURRENT_PROJECT_VERSION = 1;
				DEVELOPMENT_TEAM = 9M7GDFV5TN;
				GENERATE_INFOPLIST_FILE = YES;
				IPHONEOS_DEPLOYMENT_TARGET = 18.2;
				MARKETING_VERSION = 1.0;
				PRODUCT_BUNDLE_IDENTIFIER = "com.artem.Game512-TDDTests";
				PRODUCT_NAME = "$(TARGET_NAME)";
				SWIFT_EMIT_LOC_STRINGS = NO;
				SWIFT_VERSION = 5.0;
				TARGETED_DEVICE_FAMILY = "1,2";
				TEST_HOST = "$(BUILT_PRODUCTS_DIR)/Game512_TDD.app/$(BUNDLE_EXECUTABLE_FOLDER_PATH)/Game512_TDD";
			};
			name = Debug;
		};
		FAB2C5732F66E92D0006C29F /* Release */ = {
			isa = XCBuildConfiguration;
			buildSettings = {
				BUNDLE_LOADER = "$(TEST_HOST)";
				CODE_SIGN_STYLE = Automatic;
				CURRENT_PROJECT_VERSION = 1;
				DEVELOPMENT_TEAM = 9M7GDFV5TN;
				GENERATE_INFOPLIST_FILE = YES;
				IPHONEOS_DEPLOYMENT_TARGET = 18.2;
				MARKETING_VERSION = 1.0;
				PRODUCT_BUNDLE_IDENTIFIER = "com.artem.Game512-TDDTests";
				PRODUCT_NAME = "$(TARGET_NAME)";
				SWIFT_EMIT_LOC_STRINGS = NO;
				SWIFT_VERSION = 5.0;
				TARGETED_DEVICE_FAMILY = "1,2";
				TEST_HOST = "$(BUILT_PRODUCTS_DIR)/Game512_TDD.app/$(BUNDLE_EXECUTABLE_FOLDER_PATH)/Game512_TDD";
			};
			name = Release;
		};
		FAB2C5752F66E92D0006C29F /* Debug */ = {
			isa = XCBuildConfiguration;
			buildSettings = {
				CODE_SIGN_STYLE = Automatic;
				CURRENT_PROJECT_VERSION = 1;
				DEVELOPMENT_TEAM = 9M7GDFV5TN;
				GENERATE_INFOPLIST_FILE = YES;
				MARKETING_VERSION = 1.0;
				PRODUCT_BUNDLE_IDENTIFIER = "com.artem.Game512-TDDUITests";
				PRODUCT_NAME = "$(TARGET_NAME)";
				SWIFT_EMIT_LOC_STRINGS = NO;
				SWIFT_VERSION = 5.0;
				TARGETED_DEVICE_FAMILY = "1,2";
				TEST_TARGET_NAME = Game512_TDD;
			};
			name = Debug;
		};
		FAB2C5762F66E92D0006C29F /* Release */ = {
			isa = XCBuildConfiguration;
			buildSettings = {
				CODE_SIGN_STYLE = Automatic;
				CURRENT_PROJECT_VERSION = 1;
				DEVELOPMENT_TEAM = 9M7GDFV5TN;
				GENERATE_INFOPLIST_FILE = YES;
				MARKETING_VERSION = 1.0;
				PRODUCT_BUNDLE_IDENTIFIER = "com.artem.Game512-TDDUITests";
				PRODUCT_NAME = "$(TARGET_NAME)";
				SWIFT_EMIT_LOC_STRINGS = NO;
				SWIFT_VERSION = 5.0;
				TARGETED_DEVICE_FAMILY = "1,2";
				TEST_TARGET_NAME = Game512_TDD;
			};
			name = Release;
		};
/* End XCBuildConfiguration section */

/* Begin XCConfigurationList section */
		FAB2C5452F66E9280006C29F /* Build configuration list for PBXProject "Game512_TDD" */ = {
			isa = XCConfigurationList;
			buildConfigurations = (
				FAB2C56C2F66E92D0006C29F /* Debug */,
				FAB2C56D2F66E92D0006C29F /* Release */,
			);
			defaultConfigurationIsVisible = 0;
			defaultConfigurationName = Release;
		};
		FAB2C56E2F66E92D0006C29F /* Build configuration list for PBXNativeTarget "Game512_TDD" */ = {
			isa = XCConfigurationList;
			buildConfigurations = (
				FAB2C56F2F66E92D0006C29F /* Debug */,
				FAB2C5702F66E92D0006C29F /* Release */,
			);
			defaultConfigurationIsVisible = 0;
			defaultConfigurationName = Release;
		};
		FAB2C5712F66E92D0006C29F /* Build configuration list for PBXNativeTarget "Game512_TDDTests" */ = {
			isa = XCConfigurationList;
			buildConfigurations = (
				FAB2C5722F66E92D0006C29F /* Debug */,
				FAB2C5732F66E92D0006C29F /* Release */,
			);
			defaultConfigurationIsVisible = 0;
			defaultConfigurationName = Release;
		};
		FAB2C5742F66E92D0006C29F /* Build configuration list for PBXNativeTarget "Game512_TDDUITests" */ = {
			isa = XCConfigurationList;
			buildConfigurations = (
				FAB2C5752F66E92D0006C29F /* Debug */,
				FAB2C5762F66E92D0006C29F /* Release */,
			);
			defaultConfigurationIsVisible = 0;
			defaultConfigurationName = Release;
		};
/* End XCConfigurationList section */
	};
	rootObject = FAB2C5422F66E9280006C29F /* Project object */;
}
